
Microsoft Visual Studio Solution File, Format Version 12.00
# Visual Studio Version 17
VisualStudioVersion = 17.12.35514.174
MinimumVisualStudioVersion = 10.0.40219.1
Project("{2150E333-8FDC-42A3-9474-1A3956D46DE8}") = "Domain", "Domain", "{DA0EB3F2-39AA-4EBF-9B56-9D7C5C59A96B}"
EndProject
Project("{FAE04EC0-301F-11D3-BF4B-00C04F79EFBC}") = "CarRentalZaimi.Domain", "AutoZaimi.Domain\CarRentalZaimi.Domain.csproj", "{E91B7FE4-3089-4828-BD64-974DE970B950}"
EndProject
Project("{2150E333-8FDC-42A3-9474-1A3956D46DE8}") = "Application", "Application", "{8B31DB4B-3AEF-49EF-86C2-763B84BC2F2C}"
EndProject
Project("{2150E333-8FDC-42A3-9474-1A3956D46DE8}") = "Infrastructure", "Infrastructure", "{4256DF75-CDF3-422D-A5EE-A7327307E1A0}"
EndProject
Project("{2150E333-8FDC-42A3-9474-1A3956D46DE8}") = "API", "API", "{6EE65B2B-F810-45D1-9F5F-228C67584C8B}"
EndProject
Project("{FAE04EC0-301F-11D3-BF4B-00C04F79EFBC}") = "CarRentalZaimi.Application", "AutoZaimi.Application\CarRentalZaimi.Application.csproj", "{1C1FC478-0142-454A-926C-E69D8A257FBD}"
EndProject
Project("{FAE04EC0-301F-11D3-BF4B-00C04F79EFBC}") = "CarRentalZaimi.API", "AutoZaimi.API\CarRentalZaimi.API.csproj", "{AEB1155A-3E43-4092-859B-1AC81D505FA5}"
EndProject
Project("{FAE04EC0-301F-11D3-BF4B-00C04F79EFBC}") = "CarRentalZaimi.Infrastructure", "AutoZaimi.Infrastructure\CarRentalZaimi.Infrastructure.csproj", "{D77F4980-5B37-4E69-926B-4825D1594838}"
EndProject
Project("{2150E333-8FDC-42A3-9474-1A3956D46DE8}") = "Migrations", "Migrations", "{8B983F40-C56B-436C-A2BB-DC9285A8AC98}"
EndProject
Project("{FAE04EC0-301F-11D3-BF4B-00C04F79EFBC}") = "CarRentalZaimi.Logging", "AutoZaimi.Logging\CarRentalZaimi.Logging.csproj", "{01AC7BF1-8E3A-446B-AAE1-0D02E1CC1353}"
EndProject
Project("{FAE04EC0-301F-11D3-BF4B-00C04F79EFBC}") = "CarRentalZaimi.Migrations", "CarRentalZaimi.Migrations\CarRentalZaimi.Migrations.csproj", "{BB0059C6-6567-48B1-8122-08C172DA11B6}"
EndProject
Project("{FAE04EC0-301F-11D3-BF4B-00C04F79EFBC}") = "CarRentalZaimi.SignalR", "CarRentalZaimi.SignalR\CarRentalZaimi.SignalR.csproj", "{B718BCA9-EFA3-4E81-86C4-57408BCF57F3}"
EndProject
Global
	GlobalSection(SolutionConfigurationPlatforms) = preSolution
		Debug|Any CPU = Debug|Any CPU
		Release|Any CPU = Release|Any CPU
	EndGlobalSection
	GlobalSection(ProjectConfigurationPlatforms) = postSolution
		{E91B7FE4-3089-4828-BD64-974DE970B950}.Debug|Any CPU.ActiveCfg = Debug|Any CPU
		{E91B7FE4-3089-4828-BD64-974DE970B950}.Debug|Any CPU.Build.0 = Debug|Any CPU
		{E91B7FE4-3089-4828-BD64-974DE970B950}.Release|Any CPU.ActiveCfg = Release|Any CPU
		{E91B7FE4-3089-4828-BD64-974DE970B950}.Release|Any CPU.Build.0 = Release|Any CPU
		{1C1FC478-0142-454A-926C-E69D8A257FBD}.Debug|Any CPU.ActiveCfg = Debug|Any CPU
		{1C1FC478-0142-454A-926C-E69D8A257FBD}.Debug|Any CPU.Build.0 = Debug|Any CPU
		{1C1FC478-0142-454A-926C-E69D8A257FBD}.Release|Any CPU.ActiveCfg = Release|Any CPU
		{1C1FC478-0142-454A-926C-E69D8A257FBD}.Release|Any CPU.Build.0 = Release|Any CPU
		{AEB1155A-3E43-4092-859B-1AC81D505FA5}.Debug|Any CPU.ActiveCfg = Debug|Any CPU
		{AEB1155A-3E43-4092-859B-1AC81D505FA5}.Debug|Any CPU.Build.0 = Debug|Any CPU
		{AEB1155A-3E43-4092-859B-1AC81D505FA5}.Release|Any CPU.ActiveCfg = Release|Any CPU
		{AEB1155A-3E43-4092-859B-1AC81D505FA5}.Release|Any CPU.Build.0 = Release|Any CPU
		{D77F4980-5B37-4E69-926B-4825D1594838}.Debug|Any CPU.ActiveCfg = Debug|Any CPU
		{D77F4980-5B37-4E69-926B-4825D1594838}.Debug|Any CPU.Build.0 = Debug|Any CPU
		{D77F4980-5B37-4E69-926B-4825D1594838}.Release|Any CPU.ActiveCfg = Release|Any CPU
		{D77F4980-5B37-4E69-926B-4825D1594838}.Release|Any CPU.Build.0 = Release|Any CPU
		{01AC7BF1-8E3A-446B-AAE1-0D02E1CC1353}.Debug|Any CPU.ActiveCfg = Debug|Any CPU
		{01AC7BF1-8E3A-446B-AAE1-0D02E1CC1353}.Debug|Any CPU.Build.0 = Debug|Any CPU
		{01AC7BF1-8E3A-446B-AAE1-0D02E1CC1353}.Release|Any CPU.ActiveCfg = Release|Any CPU
		{01AC7BF1-8E3A-446B-AAE1-0D02E1CC1353}.Release|Any CPU.Build.0 = Release|Any CPU
		{BB0059C6-6567-48B1-8122-08C172DA11B6}.Debug|Any CPU.ActiveCfg = Debug|Any CPU
		{BB0059C6-6567-48B1-8122-08C172DA11B6}.Debug|Any CPU.Build.0 = Debug|Any CPU
		{BB0059C6-6567-48B1-8122-08C172DA11B6}.Release|Any CPU.ActiveCfg = Release|Any CPU
		{BB0059C6-6567-48B1-8122-08C172DA11B6}.Release|Any CPU.Build.0 = Release|Any CPU
		{B718BCA9-EFA3-4E81-86C4-57408BCF57F3}.Debug|Any CPU.ActiveCfg = Debug|Any CPU
		{B718BCA9-EFA3-4E81-86C4-57408BCF57F3}.Debug|Any CPU.Build.0 = Debug|Any CPU
		{B718BCA9-EFA3-4E81-86C4-57408BCF57F3}.Release|Any CPU.ActiveCfg = Release|Any CPU
		{B718BCA9-EFA3-4E81-86C4-57408BCF57F3}.Release|Any CPU.Build.0 = Release|Any CPU
	EndGlobalSection
	GlobalSection(SolutionProperties) = preSolution
		HideSolutionNode = FALSE
	EndGlobalSection
	GlobalSection(NestedProjects) = preSolution
		{E91B7FE4-3089-4828-BD64-974DE970B950} = {DA0EB3F2-39AA-4EBF-9B56-9D7C5C59A96B}
		{1C1FC478-0142-454A-926C-E69D8A257FBD} = {8B31DB4B-3AEF-49EF-86C2-763B84BC2F2C}
		{AEB1155A-3E43-4092-859B-1AC81D505FA5} = {6EE65B2B-F810-45D1-9F5F-228C67584C8B}
		{D77F4980-5B37-4E69-926B-4825D1594838} = {4256DF75-CDF3-422D-A5EE-A7327307E1A0}
		{01AC7BF1-8E3A-446B-AAE1-0D02E1CC1353} = {8B31DB4B-3AEF-49EF-86C2-763B84BC2F2C}
		{BB0059C6-6567-48B1-8122-08C172DA11B6} = {8B983F40-C56B-436C-A2BB-DC9285A8AC98}
		{B718BCA9-EFA3-4E81-86C4-57408BCF57F3} = {6EE65B2B-F810-45D1-9F5F-228C67584C8B}
	EndGlobalSection
EndGlobal
